
Microsoft Visual Studio Solution File, Format Version 12.00
# Visual Studio 14
VisualStudioVersion = 14.0.24720.0
MinimumVisualStudioVersion = 10.0.40219.1
Project("{E24C65DC-7377-472B-9ABA-BC803B73C61A}") = "HBhtml5", "E:\workstation\HTML5\HBhtml5\", "{BB6E9D30-E9D7-46DB-B5C2-F0445E6E84E3}"
	ProjectSection(WebsiteProperties) = preProject
		TargetFrameworkMoniker = ".NETFramework,Version%3Dv4.5"
		ProjectReferences = "{3578050d-47ef-4b59-bb1b-6b314eac4c90}|EnDeCode.dll;"
		Debug.AspNetCompiler.VirtualPath = "/localhost_55153"
		Debug.AspNetCompiler.PhysicalPath = "..\HBhtml5\"
		Debug.AspNetCompiler.TargetPath = "PrecompiledWeb\localhost_55153\"
		Debug.AspNetCompiler.Updateable = "true"
		Debug.AspNetCompiler.ForceOverwrite = "true"
		Debug.AspNetCompiler.FixedNames = "false"
		Debug.AspNetCompiler.Debug = "True"
		Release.AspNetCompiler.VirtualPath = "/localhost_55153"
		Release.AspNetCompiler.PhysicalPath = "..\HBhtml5\"
		Release.AspNetCompiler.TargetPath = "PrecompiledWeb\localhost_55153\"
		Release.AspNetCompiler.Updateable = "true"
		Release.AspNetCompiler.ForceOverwrite = "true"
		Release.AspNetCompiler.FixedNames = "false"
		Release.AspNetCompiler.Debug = "False"
		VWDPort = "55153"
		SlnRelativePath = "..\HBhtml5\"
	EndProjectSection
EndProject
Project("{FAE04EC0-301F-11D3-BF4B-00C04F79EFBC}") = "EnDeCode", "EnDeCode\EnDeCode.csproj", "{3578050D-47EF-4B59-BB1B-6B314EAC4C90}"
EndProject
Global
	GlobalSection(SolutionConfigurationPlatforms) = preSolution
		Debug|Any CPU = Debug|Any CPU
		Release|Any CPU = Release|Any CPU
	EndGlobalSection
	GlobalSection(ProjectConfigurationPlatforms) = postSolution
		{BB6E9D30-E9D7-46DB-B5C2-F0445E6E84E3}.Debug|Any CPU.ActiveCfg = Debug|Any CPU
		{BB6E9D30-E9D7-46DB-B5C2-F0445E6E84E3}.Debug|Any CPU.Build.0 = Debug|Any CPU
		{BB6E9D30-E9D7-46DB-B5C2-F0445E6E84E3}.Release|Any CPU.ActiveCfg = Debug|Any CPU
		{BB6E9D30-E9D7-46DB-B5C2-F0445E6E84E3}.Release|Any CPU.Build.0 = Debug|Any CPU
		{3578050D-47EF-4B59-BB1B-6B314EAC4C90}.Debug|Any CPU.ActiveCfg = Debug|Any CPU
		{3578050D-47EF-4B59-BB1B-6B314EAC4C90}.Debug|Any CPU.Build.0 = Debug|Any CPU
		{3578050D-47EF-4B59-BB1B-6B314EAC4C90}.Release|Any CPU.ActiveCfg = Release|Any CPU
		{3578050D-47EF-4B59-BB1B-6B314EAC4C90}.Release|Any CPU.Build.0 = Release|Any CPU
	EndGlobalSection
	GlobalSection(SolutionProperties) = preSolution
		HideSolutionNode = FALSE
	EndGlobalSection
EndGlobal
